
Microsoft Visual Studio Solution File, Format Version 12.00
# Visual Studio Version 17
VisualStudioVersion = 17.0.31903.59
MinimumVisualStudioVersion = 10.0.40219.1
Project("{FAE04EC0-301F-11D3-BF4B-00C04F79EFBC}") = "EcommerceStore", "EcommerceStore.csproj", "{58AB6263-4805-483E-B02E-EB8F0FA5D7DE}"
EndProject
Project("{FAE04EC0-301F-11D3-BF4B-00C04F79EFBC}") = "Ecommerce.Entities", "..\Ecoomerce.Entities\Ecommerce.Entities.csproj", "{12B79011-A602-4350-B780-76BB7A977D57}"
EndProject
Project("{FAE04EC0-301F-11D3-BF4B-00C04F79EFBC}") = "Ecommerce.DataAccessLayer", "..\Ecommerce.DataAccessLayer\Ecommerce.DataAccessLayer.csproj", "{AC9CB5D6-97F5-4DDD-92C2-99254863E57D}"
EndProject
Global
	GlobalSection(SolutionConfigurationPlatforms) = preSolution
		Debug|Any CPU = Debug|Any CPU
		Release|Any CPU = Release|Any CPU
	EndGlobalSection
	GlobalSection(ProjectConfigurationPlatforms) = postSolution
		{58AB6263-4805-483E-B02E-EB8F0FA5D7DE}.Debug|Any CPU.ActiveCfg = Debug|Any CPU
		{58AB6263-4805-483E-B02E-EB8F0FA5D7DE}.Debug|Any CPU.Build.0 = Debug|Any CPU
		{58AB6263-4805-483E-B02E-EB8F0FA5D7DE}.Release|Any CPU.ActiveCfg = Release|Any CPU
		{58AB6263-4805-483E-B02E-EB8F0FA5D7DE}.Release|Any CPU.Build.0 = Release|Any CPU
		{12B79011-A602-4350-B780-76BB7A977D57}.Debug|Any CPU.ActiveCfg = Debug|Any CPU
		{12B79011-A602-4350-B780-76BB7A977D57}.Debug|Any CPU.Build.0 = Debug|Any CPU
		{12B79011-A602-4350-B780-76BB7A977D57}.Release|Any CPU.ActiveCfg = Release|Any CPU
		{12B79011-A602-4350-B780-76BB7A977D57}.Release|Any CPU.Build.0 = Release|Any CPU
		{AC9CB5D6-97F5-4DDD-92C2-99254863E57D}.Debug|Any CPU.ActiveCfg = Debug|Any CPU
		{AC9CB5D6-97F5-4DDD-92C2-99254863E57D}.Debug|Any CPU.Build.0 = Debug|Any CPU
		{AC9CB5D6-97F5-4DDD-92C2-99254863E57D}.Release|Any CPU.ActiveCfg = Release|Any CPU
		{AC9CB5D6-97F5-4DDD-92C2-99254863E57D}.Release|Any CPU.Build.0 = Release|Any CPU
	EndGlobalSection
	GlobalSection(SolutionProperties) = preSolution
		HideSolutionNode = FALSE
	EndGlobalSection
	GlobalSection(ExtensibilityGlobals) = postSolution
		SolutionGuid = {76E0C1D1-231A-4EBE-A682-6A25F631B97D}
	EndGlobalSection
EndGlobal
